
Microsoft Visual Studio Solution File, Format Version 12.00
# Visual Studio Version 16
VisualStudioVersion = 16.0.30413.136
MinimumVisualStudioVersion = 10.0.40219.1
Project("{FAE04EC0-301F-11D3-BF4B-00C04F79EFBC}") = "dropbox04", "dropbox04.csproj", "{476DD66A-43F2-4F55-8AD5-2DE31423DA46}"
EndProject
Global
	GlobalSection(SolutionConfigurationPlatforms) = preSolution
		Debug|Any CPU = Debug|Any CPU
		Release|Any CPU = Release|Any CPU
	EndGlobalSection
	GlobalSection(ProjectConfigurationPlatforms) = postSolution
		{476DD66A-43F2-4F55-8AD5-2DE31423DA46}.Debug|Any CPU.ActiveCfg = Debug|Any CPU
		{476DD66A-43F2-4F55-8AD5-2DE31423DA46}.Debug|Any CPU.Build.0 = Debug|Any CPU
		{476DD66A-43F2-4F55-8AD5-2DE31423DA46}.Release|Any CPU.ActiveCfg = Release|Any CPU
		{476DD66A-43F2-4F55-8AD5-2DE31423DA46}.Release|Any CPU.Build.0 = Release|Any CPU
	EndGlobalSection
	GlobalSection(SolutionProperties) = preSolution
		HideSolutionNode = FALSE
	EndGlobalSection
	GlobalSection(ExtensibilityGlobals) = postSolution
		SolutionGuid = {C43EDED8-A1E9-4F4D-A65B-F4632BEA05F0}
	EndGlobalSection
EndGlobal
